
Microsoft Visual Studio Solution File, Format Version 12.00
Project("{FAE04EC0-301F-11D3-BF4B-00C04F79EFBC}") = "ChampionshipManager.Web", "ChampionshipManager.Web\ChampionshipManager.Web.csproj", "{42C958B7-52A0-4658-8E34-B8BC9C799C89}"
EndProject
Project("{FAE04EC0-301F-11D3-BF4B-00C04F79EFBC}") = "ChampionshipManager.Db", "ChampionshipManager.Db\ChampionshipManager.Db.csproj", "{612606F7-7816-46BC-9E2C-75B6072FB156}"
EndProject
Project("{FAE04EC0-301F-11D3-BF4B-00C04F79EFBC}") = "ChampionshipManager.BusinessLayer", "ChampionshipManager.BusinessLayer\ChampionshipManager.BusinessLayer.csproj", "{5EEED5E5-40A1-4C1A-B28E-6F486ED4B913}"
EndProject
Global
	GlobalSection(SolutionConfigurationPlatforms) = preSolution
		Debug|Any CPU = Debug|Any CPU
		Release|Any CPU = Release|Any CPU
	EndGlobalSection
	GlobalSection(ProjectConfigurationPlatforms) = postSolution
		{42C958B7-52A0-4658-8E34-B8BC9C799C89}.Debug|Any CPU.ActiveCfg = Debug|Any CPU
		{42C958B7-52A0-4658-8E34-B8BC9C799C89}.Debug|Any CPU.Build.0 = Debug|Any CPU
		{42C958B7-52A0-4658-8E34-B8BC9C799C89}.Release|Any CPU.ActiveCfg = Release|Any CPU
		{42C958B7-52A0-4658-8E34-B8BC9C799C89}.Release|Any CPU.Build.0 = Release|Any CPU
		{612606F7-7816-46BC-9E2C-75B6072FB156}.Debug|Any CPU.ActiveCfg = Debug|Any CPU
		{612606F7-7816-46BC-9E2C-75B6072FB156}.Debug|Any CPU.Build.0 = Debug|Any CPU
		{612606F7-7816-46BC-9E2C-75B6072FB156}.Release|Any CPU.ActiveCfg = Release|Any CPU
		{612606F7-7816-46BC-9E2C-75B6072FB156}.Release|Any CPU.Build.0 = Release|Any CPU
		{5EEED5E5-40A1-4C1A-B28E-6F486ED4B913}.Debug|Any CPU.ActiveCfg = Debug|Any CPU
		{5EEED5E5-40A1-4C1A-B28E-6F486ED4B913}.Debug|Any CPU.Build.0 = Debug|Any CPU
		{5EEED5E5-40A1-4C1A-B28E-6F486ED4B913}.Release|Any CPU.ActiveCfg = Release|Any CPU
		{5EEED5E5-40A1-4C1A-B28E-6F486ED4B913}.Release|Any CPU.Build.0 = Release|Any CPU
	EndGlobalSection
EndGlobal
